
Microsoft Visual Studio Solution File, Format Version 12.00
# Visual Studio Version 16
VisualStudioVersion = 16.0.31025.194
MinimumVisualStudioVersion = 10.0.40219.1
Project("{FAE04EC0-301F-11D3-BF4B-00C04F79EFBC}") = "(MVC)ClothShop", "(MVC)ClothShop.csproj", "{4136A471-77A4-4A44-AC49-923AACA58022}"
EndProject
Global
	GlobalSection(SolutionConfigurationPlatforms) = preSolution
		Debug|Any CPU = Debug|Any CPU
		Release|Any CPU = Release|Any CPU
	EndGlobalSection
	GlobalSection(ProjectConfigurationPlatforms) = postSolution
		{4136A471-77A4-4A44-AC49-923AACA58022}.Debug|Any CPU.ActiveCfg = Debug|Any CPU
		{4136A471-77A4-4A44-AC49-923AACA58022}.Debug|Any CPU.Build.0 = Debug|Any CPU
		{4136A471-77A4-4A44-AC49-923AACA58022}.Release|Any CPU.ActiveCfg = Release|Any CPU
		{4136A471-77A4-4A44-AC49-923AACA58022}.Release|Any CPU.Build.0 = Release|Any CPU
	EndGlobalSection
	GlobalSection(SolutionProperties) = preSolution
		HideSolutionNode = FALSE
	EndGlobalSection
	GlobalSection(ExtensibilityGlobals) = postSolution
		SolutionGuid = {61523965-B2A6-46F2-8F39-7E7D2C8492F8}
	EndGlobalSection
EndGlobal
